
Microsoft Visual Studio Solution File, Format Version 12.00
# Visual Studio Version 17
VisualStudioVersion = 17.14.36518.9 d17.14
MinimumVisualStudioVersion = 10.0.40219.1
Project("{FAE04EC0-301F-11D3-BF4B-00C04F79EFBC}") = "ImageProcess", "ImageProcess.csproj", "{2F9D27B8-8072-41CD-A301-B875670D37C8}"
EndProject
Global
	GlobalSection(SolutionConfigurationPlatforms) = preSolution
		Debug|Any CPU = Debug|Any CPU
		Release|Any CPU = Release|Any CPU
	EndGlobalSection
	GlobalSection(ProjectConfigurationPlatforms) = postSolution
		{2F9D27B8-8072-41CD-A301-B875670D37C8}.Debug|Any CPU.ActiveCfg = Debug|Any CPU
		{2F9D27B8-8072-41CD-A301-B875670D37C8}.Debug|Any CPU.Build.0 = Debug|Any CPU
		{2F9D27B8-8072-41CD-A301-B875670D37C8}.Release|Any CPU.ActiveCfg = Release|Any CPU
		{2F9D27B8-8072-41CD-A301-B875670D37C8}.Release|Any CPU.Build.0 = Release|Any CPU
	EndGlobalSection
	GlobalSection(SolutionProperties) = preSolution
		HideSolutionNode = FALSE
	EndGlobalSection
	GlobalSection(ExtensibilityGlobals) = postSolution
		SolutionGuid = {DC6B24C2-7BEC-4F5A-8C4C-194F2F91B09F}
	EndGlobalSection
EndGlobal
